// !$*UTF8*$!
{
	archiveVersion = 1;
	classes = {
	};
	objectVersion = 46;
	objects = {

/* Begin PBXFileReference section */
		B50BE5321E818007004DBE07 /* b.bdi */ = {isa = PBXFileReference; lastKnownFileType = file; path = b.bdi; sourceTree = "<group>"; };
		B51256121E5AB9F0000AD0B0 /* demo.png */ = {isa = PBXFileReference; lastKnownFileType = image.png; path = demo.png; sourceTree = "<group>"; };
		B51256131E5AB9F0000AD0B0 /* Info.txt */ = {isa = PBXFileReference; lastKnownFileType = text; path = Info.txt; sourceTree = "<group>"; };
		B51256151E5AB9F0000AD0B0 /* cand.cnd */ = {isa = PBXFileReference; lastKnownFileType = text; path = cand.cnd; sourceTree = "<group>"; };
		B51256161E5AB9F0000AD0B0 /* en_26.ini */ = {isa = PBXFileReference; lastKnownFileType = text; path = en_26.ini; sourceTree = "<group>"; };
		B51256171E5AB9F0000AD0B0 /* en_26s.ini */ = {isa = PBXFileReference; lastKnownFileType = text; path = en_26s.ini; sourceTree = "<group>"; };
		B51256181E5AB9F0000AD0B0 /* gen.ini */ = {isa = PBXFileReference; lastKnownFileType = text; path = gen.ini; sourceTree = "<group>"; };
		B51256191E5AB9F0000AD0B0 /* hint_en.pop */ = {isa = PBXFileReference; lastKnownFileType = text; path = hint_en.pop; sourceTree = "<group>"; };
		B512561A1E5AB9F0000AD0B0 /* hint_num26.pop */ = {isa = PBXFileReference; lastKnownFileType = text; path = hint_num26.pop; sourceTree = "<group>"; };
		B512561B1E5AB9F0000AD0B0 /* hint_num9.pop */ = {isa = PBXFileReference; lastKnownFileType = text; path = hint_num9.pop; sourceTree = "<group>"; };
		B512561C1E5AB9F0000AD0B0 /* hint_py26.pop */ = {isa = PBXFileReference; lastKnownFileType = text; path = hint_py26.pop; sourceTree = "<group>"; };
		B512561D1E5AB9F0000AD0B0 /* hint_py9.pop */ = {isa = PBXFileReference; lastKnownFileType = text; path = hint_py9.pop; sourceTree = "<group>"; };
		B512561E1E5AB9F0000AD0B0 /* num_26.ini */ = {isa = PBXFileReference; lastKnownFileType = text; path = num_26.ini; sourceTree = "<group>"; };
		B512561F1E5AB9F0000AD0B0 /* num_9.ini */ = {isa = PBXFileReference; lastKnownFileType = text; path = num_9.ini; sourceTree = "<group>"; };
		B51256201E5AB9F0000AD0B0 /* py_26.ini */ = {isa = PBXFileReference; lastKnownFileType = text; path = py_26.ini; sourceTree = "<group>"; };
		B51256211E5AB9F0000AD0B0 /* py_9.ini */ = {isa = PBXFileReference; lastKnownFileType = text; path = py_9.ini; sourceTree = "<group>"; };
		B51256231E5AB9F0000AD0B0 /* bh.png */ = {isa = PBXFileReference; lastKnownFileType = image.png; path = bh.png; sourceTree = "<group>"; };
		B51256241E5AB9F0000AD0B0 /* bh.til */ = {isa = PBXFileReference; lastKnownFileType = text; path = bh.til; sourceTree = "<group>"; };
		B51256251E5AB9F0000AD0B0 /* default.css */ = {isa = PBXFileReference; lastKnownFileType = text.css; path = default.css; sourceTree = "<group>"; };
		B51256261E5AB9F0000AD0B0 /* en_9.png */ = {isa = PBXFileReference; lastKnownFileType = image.png; path = en_9.png; sourceTree = "<group>"; };
		B51256271E5AB9F0000AD0B0 /* en_9.til */ = {isa = PBXFileReference; lastKnownFileType = text; path = en_9.til; sourceTree = "<group>"; };
		B51256281E5AB9F0000AD0B0 /* ens_26.png */ = {isa = PBXFileReference; lastKnownFileType = image.png; path = ens_26.png; sourceTree = "<group>"; };
		B51256291E5AB9F0000AD0B0 /* ens_26.til */ = {isa = PBXFileReference; lastKnownFileType = text; path = ens_26.til; sourceTree = "<group>"; };
		B512562A1E5AB9F0000AD0B0 /* ens_26_l.png */ = {isa = PBXFileReference; lastKnownFileType = image.png; path = ens_26_l.png; sourceTree = "<group>"; };
		B512562B1E5AB9F0000AD0B0 /* ens_26_l.til */ = {isa = PBXFileReference; lastKnownFileType = text; path = ens_26_l.til; sourceTree = "<group>"; };
		B512562C1E5AB9F0000AD0B0 /* hw_shadow.png */ = {isa = PBXFileReference; lastKnownFileType = image.png; path = hw_shadow.png; sourceTree = "<group>"; };
		B512562D1E5AB9F0000AD0B0 /* hw_shadow.til */ = {isa = PBXFileReference; lastKnownFileType = text; path = hw_shadow.til; sourceTree = "<group>"; };
		B512562E1E5AB9F0000AD0B0 /* other_block.png */ = {isa = PBXFileReference; lastKnownFileType = image.png; path = other_block.png; sourceTree = "<group>"; };
		B512562F1E5AB9F0000AD0B0 /* other_block.til */ = {isa = PBXFileReference; lastKnownFileType = text; path = other_block.til; sourceTree = "<group>"; };
		B51256301E5AB9F0000AD0B0 /* url.png */ = {isa = PBXFileReference; lastKnownFileType = image.png; path = url.png; sourceTree = "<group>"; };
		B51256311E5AB9F0000AD0B0 /* url.til */ = {isa = PBXFileReference; lastKnownFileType = text; path = url.til; sourceTree = "<group>"; };
		B51256321E5AB9F0000AD0B0 /* wb.png */ = {isa = PBXFileReference; lastKnownFileType = image.png; path = wb.png; sourceTree = "<group>"; };
		B51256331E5AB9F0000AD0B0 /* wb.til */ = {isa = PBXFileReference; lastKnownFileType = text; path = wb.til; sourceTree = "<group>"; };
		B51256341E5AB9F0000AD0B0 /* sel_ch.ini */ = {isa = PBXFileReference; lastKnownFileType = text; path = sel_ch.ini; sourceTree = "<group>"; };
		B51256361E5AB9F0000AD0B0 /* cand.cnd */ = {isa = PBXFileReference; lastKnownFileType = text; path = cand.cnd; sourceTree = "<group>"; };
		B51256371E5AB9F0000AD0B0 /* en_26.ini */ = {isa = PBXFileReference; lastKnownFileType = text; path = en_26.ini; sourceTree = "<group>"; };
		B51256381E5AB9F0000AD0B0 /* en_26s.ini */ = {isa = PBXFileReference; lastKnownFileType = text; path = en_26s.ini; sourceTree = "<group>"; };
		B51256391E5AB9F0000AD0B0 /* gen.ini */ = {isa = PBXFileReference; lastKnownFileType = text; path = gen.ini; sourceTree = "<group>"; };
		B512563A1E5AB9F0000AD0B0 /* hint_en.pop */ = {isa = PBXFileReference; lastKnownFileType = text; path = hint_en.pop; sourceTree = "<group>"; };
		B512563B1E5AB9F0000AD0B0 /* hint_py.pop */ = {isa = PBXFileReference; lastKnownFileType = text; path = hint_py.pop; sourceTree = "<group>"; };
		B512563C1E5AB9F0000AD0B0 /* num_26.ini */ = {isa = PBXFileReference; lastKnownFileType = text; path = num_26.ini; sourceTree = "<group>"; };
		B512563D1E5AB9F0000AD0B0 /* num_9.ini */ = {isa = PBXFileReference; lastKnownFileType = text; path = num_9.ini; sourceTree = "<group>"; };
		B512563E1E5AB9F0000AD0B0 /* py_9.ini */ = {isa = PBXFileReference; lastKnownFileType = text; path = py_9.ini; sourceTree = "<group>"; };
		B51256401E5AB9F0000AD0B0 /* block_py.png */ = {isa = PBXFileReference; lastKnownFileType = image.png; path = block_py.png; sourceTree = "<group>"; };
		B51256411E5AB9F0000AD0B0 /* block_py.til */ = {isa = PBXFileReference; lastKnownFileType = text; path = block_py.til; sourceTree = "<group>"; };
		B51256421E5AB9F0000AD0B0 /* default.css */ = {isa = PBXFileReference; lastKnownFileType = text.css; path = default.css; sourceTree = "<group>"; };
		B51256431E5AB9F0000AD0B0 /* ens_26.png */ = {isa = PBXFileReference; lastKnownFileType = image.png; path = ens_26.png; sourceTree = "<group>"; };
		B51256441E5AB9F0000AD0B0 /* ens_26.til */ = {isa = PBXFileReference; lastKnownFileType = text; path = ens_26.til; sourceTree = "<group>"; };
		B51256451E5AB9F0000AD0B0 /* ens_26_1.png */ = {isa = PBXFileReference; lastKnownFileType = image.png; path = ens_26_1.png; sourceTree = "<group>"; };
		B51256461E5AB9F0000AD0B0 /* ens_26_1.til */ = {isa = PBXFileReference; lastKnownFileType = text; path = ens_26_1.til; sourceTree = "<group>"; };
		B51256471E5AB9F0000AD0B0 /* up.png */ = {isa = PBXFileReference; lastKnownFileType = image.png; path = up.png; sourceTree = "<group>"; };
		B51256481E5AB9F0000AD0B0 /* up.til */ = {isa = PBXFileReference; lastKnownFileType = text; path = up.til; sourceTree = "<group>"; };
		B51256491E5AB9F0000AD0B0 /* url.png */ = {isa = PBXFileReference; lastKnownFileType = image.png; path = url.png; sourceTree = "<group>"; };
		B512564A1E5AB9F0000AD0B0 /* url.til */ = {isa = PBXFileReference; lastKnownFileType = text; path = url.til; sourceTree = "<group>"; };
		B512564B1E5AB9F0000AD0B0 /* wb.png */ = {isa = PBXFileReference; lastKnownFileType = image.png; path = wb.png; sourceTree = "<group>"; };
		B512564C1E5AB9F0000AD0B0 /* wb.til */ = {isa = PBXFileReference; lastKnownFileType = text; path = wb.til; sourceTree = "<group>"; };
		B512564D1E5AB9F0000AD0B0 /* sel_ch.ini */ = {isa = PBXFileReference; lastKnownFileType = text; path = sel_ch.ini; sourceTree = "<group>"; };
		B512564F1E5AB9F0000AD0B0 /* arrow.png */ = {isa = PBXFileReference; lastKnownFileType = image.png; path = arrow.png; sourceTree = "<group>"; };
		B51256501E5AB9F0000AD0B0 /* arrow.til */ = {isa = PBXFileReference; lastKnownFileType = text; path = arrow.til; sourceTree = "<group>"; };
		B51256511E5AB9F0000AD0B0 /* bg_1.png */ = {isa = PBXFileReference; lastKnownFileType = image.png; path = bg_1.png; sourceTree = "<group>"; };
		B51256521E5AB9F0000AD0B0 /* bg_1.til */ = {isa = PBXFileReference; lastKnownFileType = text; path = bg_1.til; sourceTree = "<group>"; };
		B51256531E5AB9F0000AD0B0 /* bg_2.png */ = {isa = PBXFileReference; lastKnownFileType = image.png; path = bg_2.png; sourceTree = "<group>"; };
		B51256541E5AB9F0000AD0B0 /* bg_2.til */ = {isa = PBXFileReference; lastKnownFileType = text; path = bg_2.til; sourceTree = "<group>"; };
		B51256551E5AB9F0000AD0B0 /* bg_3.png */ = {isa = PBXFileReference; lastKnownFileType = image.png; path = bg_3.png; sourceTree = "<group>"; };
		B51256561E5AB9F0000AD0B0 /* bg_3.til */ = {isa = PBXFileReference; lastKnownFileType = text; path = bg_3.til; sourceTree = "<group>"; };
		B51256571E5AB9F0000AD0B0 /* block.png */ = {isa = PBXFileReference; lastKnownFileType = image.png; path = block.png; sourceTree = "<group>"; };
		B51256581E5AB9F0000AD0B0 /* block.til */ = {isa = PBXFileReference; lastKnownFileType = text; path = block.til; sourceTree = "<group>"; };
		B51256591E5AB9F0000AD0B0 /* bt0.png */ = {isa = PBXFileReference; lastKnownFileType = image.png; path = bt0.png; sourceTree = "<group>"; };
		B512565A1E5AB9F0000AD0B0 /* bt0.til */ = {isa = PBXFileReference; lastKnownFileType = text; path = bt0.til; sourceTree = "<group>"; };
		B512565B1E5AB9F0000AD0B0 /* bt2.png */ = {isa = PBXFileReference; lastKnownFileType = image.png; path = bt2.png; sourceTree = "<group>"; };
		B512565C1E5AB9F0000AD0B0 /* bt2.til */ = {isa = PBXFileReference; lastKnownFileType = text; path = bt2.til; sourceTree = "<group>"; };
		B512565D1E5AB9F0000AD0B0 /* bt3.png */ = {isa = PBXFileReference; lastKnownFileType = image.png; path = bt3.png; sourceTree = "<group>"; };
		B512565E1E5AB9F0000AD0B0 /* bt3.til */ = {isa = PBXFileReference; lastKnownFileType = text; path = bt3.til; sourceTree = "<group>"; };
		B512565F1E5AB9F0000AD0B0 /* btn_word.png */ = {isa = PBXFileReference; lastKnownFileType = image.png; path = btn_word.png; sourceTree = "<group>"; };
		B51256601E5AB9F0000AD0B0 /* btn_word.til */ = {isa = PBXFileReference; lastKnownFileType = text; path = btn_word.til; sourceTree = "<group>"; };
		B51256611E5AB9F0000AD0B0 /* cand_bg.png */ = {isa = PBXFileReference; lastKnownFileType = image.png; path = cand_bg.png; sourceTree = "<group>"; };
		B51256621E5AB9F0000AD0B0 /* cand_bg.til */ = {isa = PBXFileReference; lastKnownFileType = text; path = cand_bg.til; sourceTree = "<group>"; };
		B51256631E5AB9F0000AD0B0 /* change.png */ = {isa = PBXFileReference; lastKnownFileType = image.png; path = change.png; sourceTree = "<group>"; };
		B51256641E5AB9F0000AD0B0 /* change.til */ = {isa = PBXFileReference; lastKnownFileType = text; path = change.til; sourceTree = "<group>"; };
		B51256651E5AB9F0000AD0B0 /* change2.png */ = {isa = PBXFileReference; lastKnownFileType = image.png; path = change2.png; sourceTree = "<group>"; };
		B51256661E5AB9F0000AD0B0 /* change2.til */ = {isa = PBXFileReference; lastKnownFileType = text; path = change2.til; sourceTree = "<group>"; };
		B51256671E5AB9F0000AD0B0 /* emoji_bg.png */ = {isa = PBXFileReference; lastKnownFileType = image.png; path = emoji_bg.png; sourceTree = "<group>"; };
		B51256681E5AB9F0000AD0B0 /* emoji_bg.til */ = {isa = PBXFileReference; lastKnownFileType = text; path = emoji_bg.til; sourceTree = "<group>"; };
		B51256691E5AB9F0000AD0B0 /* en_other.png */ = {isa = PBXFileReference; lastKnownFileType = image.png; path = en_other.png; sourceTree = "<group>"; };
		B512566A1E5AB9F0000AD0B0 /* en_other.til */ = {isa = PBXFileReference; lastKnownFileType = text; path = en_other.til; sourceTree = "<group>"; };
		B512566B1E5AB9F0000AD0B0 /* enlx.png */ = {isa = PBXFileReference; lastKnownFileType = image.png; path = enlx.png; sourceTree = "<group>"; };
		B512566C1E5AB9F0000AD0B0 /* enlx.til */ = {isa = PBXFileReference; lastKnownFileType = text; path = enlx.til; sourceTree = "<group>"; };
		B512566D1E5AB9F0000AD0B0 /* hint_1.png */ = {isa = PBXFileReference; lastKnownFileType = image.png; path = hint_1.png; sourceTree = "<group>"; };
		B512566E1E5AB9F0000AD0B0 /* hint_1.til */ = {isa = PBXFileReference; lastKnownFileType = text; path = hint_1.til; sourceTree = "<group>"; };
		B512566F1E5AB9F0000AD0B0 /* lock.png */ = {isa = PBXFileReference; lastKnownFileType = image.png; path = lock.png; sourceTree = "<group>"; };
		B51256701E5AB9F0000AD0B0 /* lock.til */ = {isa = PBXFileReference; lastKnownFileType = text; path = lock.til; sourceTree = "<group>"; };
		B51256711E5AB9F0000AD0B0 /* num_b.png */ = {isa = PBXFileReference; lastKnownFileType = image.png; path = num_b.png; sourceTree = "<group>"; };
		B51256721E5AB9F0000AD0B0 /* num_b.til */ = {isa = PBXFileReference; lastKnownFileType = text; path = num_b.til; sourceTree = "<group>"; };
		B51256731E5AB9F0000AD0B0 /* other_2.png */ = {isa = PBXFileReference; lastKnownFileType = image.png; path = other_2.png; sourceTree = "<group>"; };
		B51256741E5AB9F0000AD0B0 /* other_2.til */ = {isa = PBXFileReference; lastKnownFileType = text; path = other_2.til; sourceTree = "<group>"; };
		B51256751E5AB9F0000AD0B0 /* sdk.png */ = {isa = PBXFileReference; lastKnownFileType = image.png; path = sdk.png; sourceTree = "<group>"; };
		B51256761E5AB9F0000AD0B0 /* sdk.til */ = {isa = PBXFileReference; lastKnownFileType = text; path = sdk.til; sourceTree = "<group>"; };
		B51256771E5AB9F0000AD0B0 /* shift.png */ = {isa = PBXFileReference; lastKnownFileType = image.png; path = shift.png; sourceTree = "<group>"; };
		B51256781E5AB9F0000AD0B0 /* shift.til */ = {isa = PBXFileReference; lastKnownFileType = text; path = shift.til; sourceTree = "<group>"; };
		B51256791E5AB9F0000AD0B0 /* symbol.png */ = {isa = PBXFileReference; lastKnownFileType = image.png; path = symbol.png; sourceTree = "<group>"; };
		B512567A1E5AB9F0000AD0B0 /* symbol.til */ = {isa = PBXFileReference; lastKnownFileType = text; path = symbol.til; sourceTree = "<group>"; };
		B512567B1E5AB9F0000AD0B0 /* word_2.png */ = {isa = PBXFileReference; lastKnownFileType = image.png; path = word_2.png; sourceTree = "<group>"; };
		B512567C1E5AB9F0000AD0B0 /* word_2.til */ = {isa = PBXFileReference; lastKnownFileType = text; path = word_2.til; sourceTree = "<group>"; };
		B512567D1E5AB9F0000AD0B0 /* word_3.png */ = {isa = PBXFileReference; lastKnownFileType = image.png; path = word_3.png; sourceTree = "<group>"; };
		B512567E1E5AB9F0000AD0B0 /* word_3.til */ = {isa = PBXFileReference; lastKnownFileType = text; path = word_3.til; sourceTree = "<group>"; };
		B512567F1E5AB9F0000AD0B0 /* Token.txt */ = {isa = PBXFileReference; lastKnownFileType = text; path = Token.txt; sourceTree = "<group>"; };
		B51256801E5AB9F0000AD0B0 /* LICENSE */ = {isa = PBXFileReference; lastKnownFileType = text; path = LICENSE; sourceTree = "<group>"; };
		B51256811E5AB9F0000AD0B0 /* README.md */ = {isa = PBXFileReference; lastKnownFileType = net.daringfireball.markdown; path = README.md; sourceTree = "<group>"; };
/* End PBXFileReference section */

/* Begin PBXGroup section */
		B512560A1E5AB9A7000AD0B0 = {
			isa = PBXGroup;
			children = (
				B51256111E5AB9F0000AD0B0 /* skin */,
				B51256811E5AB9F0000AD0B0 /* README.md */,
				B51256801E5AB9F0000AD0B0 /* LICENSE */,
				B50BE5321E818007004DBE07 /* b.bdi */,
			);
			sourceTree = "<group>";
		};
		B51256111E5AB9F0000AD0B0 /* skin */ = {
			isa = PBXGroup;
			children = (
				B51256351E5AB9F0000AD0B0 /* port */,
				B51256141E5AB9F0000AD0B0 /* land */,
				B512564E1E5AB9F0000AD0B0 /* res */,
				B51256121E5AB9F0000AD0B0 /* demo.png */,
				B51256131E5AB9F0000AD0B0 /* Info.txt */,
				B512567F1E5AB9F0000AD0B0 /* Token.txt */,
			);
			path = skin;
			sourceTree = "<group>";
		};
		B51256141E5AB9F0000AD0B0 /* land */ = {
			isa = PBXGroup;
			children = (
				B51256151E5AB9F0000AD0B0 /* cand.cnd */,
				B51256161E5AB9F0000AD0B0 /* en_26.ini */,
				B51256171E5AB9F0000AD0B0 /* en_26s.ini */,
				B51256181E5AB9F0000AD0B0 /* gen.ini */,
				B51256191E5AB9F0000AD0B0 /* hint_en.pop */,
				B512561A1E5AB9F0000AD0B0 /* hint_num26.pop */,
				B512561B1E5AB9F0000AD0B0 /* hint_num9.pop */,
				B512561C1E5AB9F0000AD0B0 /* hint_py26.pop */,
				B512561D1E5AB9F0000AD0B0 /* hint_py9.pop */,
				B512561E1E5AB9F0000AD0B0 /* num_26.ini */,
				B512561F1E5AB9F0000AD0B0 /* num_9.ini */,
				B51256201E5AB9F0000AD0B0 /* py_26.ini */,
				B51256211E5AB9F0000AD0B0 /* py_9.ini */,
				B51256221E5AB9F0000AD0B0 /* res */,
				B51256341E5AB9F0000AD0B0 /* sel_ch.ini */,
			);
			path = land;
			sourceTree = "<group>";
		};
		B51256221E5AB9F0000AD0B0 /* res */ = {
			isa = PBXGroup;
			children = (
				B51256231E5AB9F0000AD0B0 /* bh.png */,
				B51256241E5AB9F0000AD0B0 /* bh.til */,
				B51256251E5AB9F0000AD0B0 /* default.css */,
				B51256261E5AB9F0000AD0B0 /* en_9.png */,
				B51256271E5AB9F0000AD0B0 /* en_9.til */,
				B51256281E5AB9F0000AD0B0 /* ens_26.png */,
				B51256291E5AB9F0000AD0B0 /* ens_26.til */,
				B512562A1E5AB9F0000AD0B0 /* ens_26_l.png */,
				B512562B1E5AB9F0000AD0B0 /* ens_26_l.til */,
				B512562C1E5AB9F0000AD0B0 /* hw_shadow.png */,
				B512562D1E5AB9F0000AD0B0 /* hw_shadow.til */,
				B512562E1E5AB9F0000AD0B0 /* other_block.png */,
				B512562F1E5AB9F0000AD0B0 /* other_block.til */,
				B51256301E5AB9F0000AD0B0 /* url.png */,
				B51256311E5AB9F0000AD0B0 /* url.til */,
				B51256321E5AB9F0000AD0B0 /* wb.png */,
				B51256331E5AB9F0000AD0B0 /* wb.til */,
			);
			path = res;
			sourceTree = "<group>";
		};
		B51256351E5AB9F0000AD0B0 /* port */ = {
			isa = PBXGroup;
			children = (
				B512563E1E5AB9F0000AD0B0 /* py_9.ini */,
				B51256371E5AB9F0000AD0B0 /* en_26.ini */,
				B51256381E5AB9F0000AD0B0 /* en_26s.ini */,
				B512563D1E5AB9F0000AD0B0 /* num_9.ini */,
				B512563C1E5AB9F0000AD0B0 /* num_26.ini */,
				B51256391E5AB9F0000AD0B0 /* gen.ini */,
				B512564D1E5AB9F0000AD0B0 /* sel_ch.ini */,
				B51256361E5AB9F0000AD0B0 /* cand.cnd */,
				B512563B1E5AB9F0000AD0B0 /* hint_py.pop */,
				B512563A1E5AB9F0000AD0B0 /* hint_en.pop */,
				B512563F1E5AB9F0000AD0B0 /* res */,
			);
			path = port;
			sourceTree = "<group>";
		};
		B512563F1E5AB9F0000AD0B0 /* res */ = {
			isa = PBXGroup;
			children = (
				B51256401E5AB9F0000AD0B0 /* block_py.png */,
				B51256411E5AB9F0000AD0B0 /* block_py.til */,
				B51256421E5AB9F0000AD0B0 /* default.css */,
				B51256431E5AB9F0000AD0B0 /* ens_26.png */,
				B51256441E5AB9F0000AD0B0 /* ens_26.til */,
				B51256451E5AB9F0000AD0B0 /* ens_26_1.png */,
				B51256461E5AB9F0000AD0B0 /* ens_26_1.til */,
				B51256471E5AB9F0000AD0B0 /* up.png */,
				B51256481E5AB9F0000AD0B0 /* up.til */,
				B51256491E5AB9F0000AD0B0 /* url.png */,
				B512564A1E5AB9F0000AD0B0 /* url.til */,
				B512564B1E5AB9F0000AD0B0 /* wb.png */,
				B512564C1E5AB9F0000AD0B0 /* wb.til */,
			);
			path = res;
			sourceTree = "<group>";
		};
		B512564E1E5AB9F0000AD0B0 /* res */ = {
			isa = PBXGroup;
			children = (
				B512564F1E5AB9F0000AD0B0 /* arrow.png */,
				B51256501E5AB9F0000AD0B0 /* arrow.til */,
				B51256511E5AB9F0000AD0B0 /* bg_1.png */,
				B51256521E5AB9F0000AD0B0 /* bg_1.til */,
				B51256531E5AB9F0000AD0B0 /* bg_2.png */,
				B51256541E5AB9F0000AD0B0 /* bg_2.til */,
				B51256551E5AB9F0000AD0B0 /* bg_3.png */,
				B51256561E5AB9F0000AD0B0 /* bg_3.til */,
				B51256571E5AB9F0000AD0B0 /* block.png */,
				B51256581E5AB9F0000AD0B0 /* block.til */,
				B51256591E5AB9F0000AD0B0 /* bt0.png */,
				B512565A1E5AB9F0000AD0B0 /* bt0.til */,
				B512565B1E5AB9F0000AD0B0 /* bt2.png */,
				B512565C1E5AB9F0000AD0B0 /* bt2.til */,
				B512565D1E5AB9F0000AD0B0 /* bt3.png */,
				B512565E1E5AB9F0000AD0B0 /* bt3.til */,
				B512565F1E5AB9F0000AD0B0 /* btn_word.png */,
				B51256601E5AB9F0000AD0B0 /* btn_word.til */,
				B51256611E5AB9F0000AD0B0 /* cand_bg.png */,
				B51256621E5AB9F0000AD0B0 /* cand_bg.til */,
				B51256631E5AB9F0000AD0B0 /* change.png */,
				B51256641E5AB9F0000AD0B0 /* change.til */,
				B51256651E5AB9F0000AD0B0 /* change2.png */,
				B51256661E5AB9F0000AD0B0 /* change2.til */,
				B51256671E5AB9F0000AD0B0 /* emoji_bg.png */,
				B51256681E5AB9F0000AD0B0 /* emoji_bg.til */,
				B51256691E5AB9F0000AD0B0 /* en_other.png */,
				B512566A1E5AB9F0000AD0B0 /* en_other.til */,
				B512566B1E5AB9F0000AD0B0 /* enlx.png */,
				B512566C1E5AB9F0000AD0B0 /* enlx.til */,
				B512566D1E5AB9F0000AD0B0 /* hint_1.png */,
				B512566E1E5AB9F0000AD0B0 /* hint_1.til */,
				B512566F1E5AB9F0000AD0B0 /* lock.png */,
				B51256701E5AB9F0000AD0B0 /* lock.til */,
				B51256711E5AB9F0000AD0B0 /* num_b.png */,
				B51256721E5AB9F0000AD0B0 /* num_b.til */,
				B51256731E5AB9F0000AD0B0 /* other_2.png */,
				B51256741E5AB9F0000AD0B0 /* other_2.til */,
				B51256751E5AB9F0000AD0B0 /* sdk.png */,
				B51256761E5AB9F0000AD0B0 /* sdk.til */,
				B51256771E5AB9F0000AD0B0 /* shift.png */,
				B51256781E5AB9F0000AD0B0 /* shift.til */,
				B51256791E5AB9F0000AD0B0 /* symbol.png */,
				B512567A1E5AB9F0000AD0B0 /* symbol.til */,
				B512567B1E5AB9F0000AD0B0 /* word_2.png */,
				B512567C1E5AB9F0000AD0B0 /* word_2.til */,
				B512567D1E5AB9F0000AD0B0 /* word_3.png */,
				B512567E1E5AB9F0000AD0B0 /* word_3.til */,
			);
			path = res;
			sourceTree = "<group>";
		};
/* End PBXGroup section */

/* Begin PBXProject section */
		B512560B1E5AB9A7000AD0B0 /* Project object */ = {
			isa = PBXProject;
			attributes = {
				LastUpgradeCheck = 0820;
			};
			buildConfigurationList = B512560E1E5AB9A7000AD0B0 /* Build configuration list for PBXProject "BSkin" */;
			compatibilityVersion = "Xcode 3.2";
			developmentRegion = English;
			hasScannedForEncodings = 0;
			knownRegions = (
				en,
			);
			mainGroup = B512560A1E5AB9A7000AD0B0;
			projectDirPath = "";
			projectRoot = "";
			targets = (
			);
		};
/* End PBXProject section */

/* Begin XCBuildConfiguration section */
		B512560F1E5AB9A7000AD0B0 /* Debug */ = {
			isa = XCBuildConfiguration;
			buildSettings = {
			};
			name = Debug;
		};
		B51256101E5AB9A7000AD0B0 /* Release */ = {
			isa = XCBuildConfiguration;
			buildSettings = {
			};
			name = Release;
		};
/* End XCBuildConfiguration section */

/* Begin XCConfigurationList section */
		B512560E1E5AB9A7000AD0B0 /* Build configuration list for PBXProject "BSkin" */ = {
			isa = XCConfigurationList;
			buildConfigurations = (
				B512560F1E5AB9A7000AD0B0 /* Debug */,
				B51256101E5AB9A7000AD0B0 /* Release */,
			);
			defaultConfigurationIsVisible = 0;
			defaultConfigurationName = Release;
		};
/* End XCConfigurationList section */
	};
	rootObject = B512560B1E5AB9A7000AD0B0 /* Project object */;
}
